
Microsoft Visual Studio Solution File, Format Version 12.00
# Visual Studio Version 16
VisualStudioVersion = 16.0.31321.278
MinimumVisualStudioVersion = 10.0.40219.1
Project("{FAE04EC0-301F-11D3-BF4B-00C04F79EFBC}") = "Access_Islemleri", "Access_Islemleri\Access_Islemleri.csproj", "{5E43AA4B-13C3-4BAB-AB5A-55392E865E7B}"
EndProject
Global
	GlobalSection(SolutionConfigurationPlatforms) = preSolution
		Debug|Any CPU = Debug|Any CPU
		Debug|x64 = Debug|x64
		Debug|x86 = Debug|x86
		Release|Any CPU = Release|Any CPU
		Release|x64 = Release|x64
		Release|x86 = Release|x86
	EndGlobalSection
	GlobalSection(ProjectConfigurationPlatforms) = postSolution
		{5E43AA4B-13C3-4BAB-AB5A-55392E865E7B}.Debug|Any CPU.ActiveCfg = Debug|Any CPU
		{5E43AA4B-13C3-4BAB-AB5A-55392E865E7B}.Debug|Any CPU.Build.0 = Debug|Any CPU
		{5E43AA4B-13C3-4BAB-AB5A-55392E865E7B}.Debug|x64.ActiveCfg = Debug|x64
		{5E43AA4B-13C3-4BAB-AB5A-55392E865E7B}.Debug|x64.Build.0 = Debug|x64
		{5E43AA4B-13C3-4BAB-AB5A-55392E865E7B}.Debug|x86.ActiveCfg = Debug|x86
		{5E43AA4B-13C3-4BAB-AB5A-55392E865E7B}.Debug|x86.Build.0 = Debug|x86
		{5E43AA4B-13C3-4BAB-AB5A-55392E865E7B}.Release|Any CPU.ActiveCfg = Release|Any CPU
		{5E43AA4B-13C3-4BAB-AB5A-55392E865E7B}.Release|Any CPU.Build.0 = Release|Any CPU
		{5E43AA4B-13C3-4BAB-AB5A-55392E865E7B}.Release|x64.ActiveCfg = Release|x64
		{5E43AA4B-13C3-4BAB-AB5A-55392E865E7B}.Release|x64.Build.0 = Release|x64
		{5E43AA4B-13C3-4BAB-AB5A-55392E865E7B}.Release|x86.ActiveCfg = Release|x86
		{5E43AA4B-13C3-4BAB-AB5A-55392E865E7B}.Release|x86.Build.0 = Release|x86
	EndGlobalSection
	GlobalSection(SolutionProperties) = preSolution
		HideSolutionNode = FALSE
	EndGlobalSection
	GlobalSection(ExtensibilityGlobals) = postSolution
		SolutionGuid = {5B91E759-D5AD-4912-8014-306EF3A715BF}
	EndGlobalSection
EndGlobal
